// !$*UTF8*$!
{
	archiveVersion = 1;
	classes = {
	};
	objectVersion = 46;
	objects = {

/* Begin PBXBuildFile section */
		6299E3BE37FC6330EB337D58 /* libPods.a in Frameworks */ = {isa = PBXBuildFile; fileRef = B4AF469CE1BB518E2615104E /* libPods.a */; };
		8010AE611A550692004FF986 /* AppDelegate.swift in Sources */ = {isa = PBXBuildFile; fileRef = 8010AE601A550692004FF986 /* AppDelegate.swift */; };
		8010AE681A550693004FF986 /* Images.xcassets in Resources */ = {isa = PBXBuildFile; fileRef = 8010AE671A550693004FF986 /* Images.xcassets */; };
		8010AE6B1A550693004FF986 /* LaunchScreen.xib in Resources */ = {isa = PBXBuildFile; fileRef = 8010AE691A550693004FF986 /* LaunchScreen.xib */; };
		8010AE771A550693004FF986 /* HabitizeTests.swift in Sources */ = {isa = PBXBuildFile; fileRef = 8010AE761A550693004FF986 /* HabitizeTests.swift */; };
		805B142B1A5AE3BA003967FD /* EditTextFieldViewController.swift in Sources */ = {isa = PBXBuildFile; fileRef = 805B142A1A5AE3BA003967FD /* EditTextFieldViewController.swift */; };
		80B528961A5507C600172517 /* MainViewController.swift in Sources */ = {isa = PBXBuildFile; fileRef = 80B528951A5507C600172517 /* MainViewController.swift */; };
		80C0424E1A559A290054425B /* EditHabitViewController.swift in Sources */ = {isa = PBXBuildFile; fileRef = 80C0424D1A559A290054425B /* EditHabitViewController.swift */; };
		80C042501A56CE4D0054425B /* Settings.bundle in Resources */ = {isa = PBXBuildFile; fileRef = 80C0424F1A56CE4C0054425B /* Settings.bundle */; };
		80C042561A56DDFE0054425B /* Localizable.strings in Resources */ = {isa = PBXBuildFile; fileRef = 80C042581A56DDFE0054425B /* Localizable.strings */; };
		80C042621A57CEE80054425B /* Model.xcdatamodeld in Sources */ = {isa = PBXBuildFile; fileRef = 80C042601A57CEE80054425B /* Model.xcdatamodeld */; };
		80C042681A57D2940054425B /* EditHabitViewModel.swift in Sources */ = {isa = PBXBuildFile; fileRef = 80C042671A57D2940054425B /* EditHabitViewModel.swift */; };
		80C0426C1A5849B30054425B /* Habit.swift in Sources */ = {isa = PBXBuildFile; fileRef = 80C0426B1A5849B30054425B /* Habit.swift */; };
		80C0426E1A584C8D0054425B /* HabitsViewModel.swift in Sources */ = {isa = PBXBuildFile; fileRef = 80C0426D1A584C8D0054425B /* HabitsViewModel.swift */; };
/* End PBXBuildFile section */

/* Begin PBXContainerItemProxy section */
		8010AE711A550693004FF986 /* PBXContainerItemProxy */ = {
			isa = PBXContainerItemProxy;
			containerPortal = 8010AE531A550692004FF986 /* Project object */;
			proxyType = 1;
			remoteGlobalIDString = 8010AE5A1A550692004FF986;
			remoteInfo = Habitize;
		};
/* End PBXContainerItemProxy section */

/* Begin PBXFileReference section */
		690125D0174C88E34644DE32 /* Pods.debug.xcconfig */ = {isa = PBXFileReference; includeInIndex = 1; lastKnownFileType = text.xcconfig; name = Pods.debug.xcconfig; path = "Pods/Target Support Files/Pods/Pods.debug.xcconfig"; sourceTree = "<group>"; };
		8010AE5B1A550692004FF986 /* Habitize.app */ = {isa = PBXFileReference; explicitFileType = wrapper.application; includeInIndex = 0; path = Habitize.app; sourceTree = BUILT_PRODUCTS_DIR; };
		8010AE5F1A550692004FF986 /* Info.plist */ = {isa = PBXFileReference; lastKnownFileType = text.plist.xml; path = Info.plist; sourceTree = "<group>"; };
		8010AE601A550692004FF986 /* AppDelegate.swift */ = {isa = PBXFileReference; lastKnownFileType = sourcecode.swift; path = AppDelegate.swift; sourceTree = "<group>"; };
		8010AE671A550693004FF986 /* Images.xcassets */ = {isa = PBXFileReference; lastKnownFileType = folder.assetcatalog; path = Images.xcassets; sourceTree = "<group>"; };
		8010AE6A1A550693004FF986 /* Base */ = {isa = PBXFileReference; lastKnownFileType = file.xib; name = Base; path = Base.lproj/LaunchScreen.xib; sourceTree = "<group>"; };
		8010AE701A550693004FF986 /* HabitizeTests.xctest */ = {isa = PBXFileReference; explicitFileType = wrapper.cfbundle; includeInIndex = 0; path = HabitizeTests.xctest; sourceTree = BUILT_PRODUCTS_DIR; };
		8010AE751A550693004FF986 /* Info.plist */ = {isa = PBXFileReference; lastKnownFileType = text.plist.xml; path = Info.plist; sourceTree = "<group>"; };
		8010AE761A550693004FF986 /* HabitizeTests.swift */ = {isa = PBXFileReference; lastKnownFileType = sourcecode.swift; path = HabitizeTests.swift; sourceTree = "<group>"; };
		805B142A1A5AE3BA003967FD /* EditTextFieldViewController.swift */ = {isa = PBXFileReference; fileEncoding = 4; lastKnownFileType = sourcecode.swift; path = EditTextFieldViewController.swift; sourceTree = "<group>"; };
		80B528951A5507C600172517 /* MainViewController.swift */ = {isa = PBXFileReference; fileEncoding = 4; lastKnownFileType = sourcecode.swift; name = MainViewController.swift; path = ../../habitize/Habitize/MainViewController.swift; sourceTree = "<group>"; };
		80C0424D1A559A290054425B /* EditHabitViewController.swift */ = {isa = PBXFileReference; fileEncoding = 4; lastKnownFileType = sourcecode.swift; path = EditHabitViewController.swift; sourceTree = "<group>"; };
		80C0424F1A56CE4C0054425B /* Settings.bundle */ = {isa = PBXFileReference; lastKnownFileType = "wrapper.plug-in"; path = Settings.bundle; sourceTree = "<group>"; };
		80C042571A56DDFE0054425B /* en */ = {isa = PBXFileReference; lastKnownFileType = text.plist.strings; name = en; path = en.lproj/Localizable.strings; sourceTree = "<group>"; };
		80C0425B1A56DE3B0054425B /* ja */ = {isa = PBXFileReference; lastKnownFileType = text.plist.strings; name = ja; path = ja.lproj/Localizable.strings; sourceTree = "<group>"; };
		80C0425C1A5762460054425B /* Habitize-Bridging-Header.h */ = {isa = PBXFileReference; lastKnownFileType = sourcecode.c.h; path = "Habitize-Bridging-Header.h"; sourceTree = "<group>"; };
		80C042611A57CEE80054425B /* Model.xcdatamodel */ = {isa = PBXFileReference; lastKnownFileType = wrapper.xcdatamodel; path = Model.xcdatamodel; sourceTree = "<group>"; };
		80C042671A57D2940054425B /* EditHabitViewModel.swift */ = {isa = PBXFileReference; fileEncoding = 4; lastKnownFileType = sourcecode.swift; path = EditHabitViewModel.swift; sourceTree = "<group>"; };
		80C0426B1A5849B30054425B /* Habit.swift */ = {isa = PBXFileReference; fileEncoding = 4; lastKnownFileType = sourcecode.swift; name = Habit.swift; path = Models/Habit.swift; sourceTree = "<group>"; };
		80C0426D1A584C8D0054425B /* HabitsViewModel.swift */ = {isa = PBXFileReference; fileEncoding = 4; lastKnownFileType = sourcecode.swift; path = HabitsViewModel.swift; sourceTree = "<group>"; };
		9191E597239B635894E9F127 /* Pods.release.xcconfig */ = {isa = PBXFileReference; includeInIndex = 1; lastKnownFileType = text.xcconfig; name = Pods.release.xcconfig; path = "Pods/Target Support Files/Pods/Pods.release.xcconfig"; sourceTree = "<group>"; };
		B4AF469CE1BB518E2615104E /* libPods.a */ = {isa = PBXFileReference; explicitFileType = archive.ar; includeInIndex = 0; path = libPods.a; sourceTree = BUILT_PRODUCTS_DIR; };
/* End PBXFileReference section */

/* Begin PBXFrameworksBuildPhase section */
		8010AE581A550692004FF986 /* Frameworks */ = {
			isa = PBXFrameworksBuildPhase;
			buildActionMask = 2147483647;
			files = (
				6299E3BE37FC6330EB337D58 /* libPods.a in Frameworks */,
			);
			runOnlyForDeploymentPostprocessing = 0;
		};
		8010AE6D1A550693004FF986 /* Frameworks */ = {
			isa = PBXFrameworksBuildPhase;
			buildActionMask = 2147483647;
			files = (
			);
			runOnlyForDeploymentPostprocessing = 0;
		};
/* End PBXFrameworksBuildPhase section */

/* Begin PBXGroup section */
		358A0D1277EFB7EA63B3C80B /* Pods */ = {
			isa = PBXGroup;
			children = (
				690125D0174C88E34644DE32 /* Pods.debug.xcconfig */,
				9191E597239B635894E9F127 /* Pods.release.xcconfig */,
			);
			name = Pods;
			sourceTree = "<group>";
		};
		8010AE521A550692004FF986 = {
			isa = PBXGroup;
			children = (
				8010AE5D1A550692004FF986 /* Habitize */,
				8010AE731A550693004FF986 /* HabitizeTests */,
				8010AE5C1A550692004FF986 /* Products */,
				358A0D1277EFB7EA63B3C80B /* Pods */,
				C4B0D414923EE0EBF9E58D84 /* Frameworks */,
			);
			sourceTree = "<group>";
		};
		8010AE5C1A550692004FF986 /* Products */ = {
			isa = PBXGroup;
			children = (
				8010AE5B1A550692004FF986 /* Habitize.app */,
				8010AE701A550693004FF986 /* HabitizeTests.xctest */,
			);
			name = Products;
			sourceTree = "<group>";
		};
		8010AE5D1A550692004FF986 /* Habitize */ = {
			isa = PBXGroup;
			children = (
				80C0425F1A57CEB10054425B /* Models */,
				8010AE601A550692004FF986 /* AppDelegate.swift */,
				80B528951A5507C600172517 /* MainViewController.swift */,
				80C0426D1A584C8D0054425B /* HabitsViewModel.swift */,
				80C0424D1A559A290054425B /* EditHabitViewController.swift */,
				80C042671A57D2940054425B /* EditHabitViewModel.swift */,
				805B142A1A5AE3BA003967FD /* EditTextFieldViewController.swift */,
				8010AE671A550693004FF986 /* Images.xcassets */,
				8010AE691A550693004FF986 /* LaunchScreen.xib */,
				8010AE5E1A550692004FF986 /* Supporting Files */,
				80C0424F1A56CE4C0054425B /* Settings.bundle */,
				80C042581A56DDFE0054425B /* Localizable.strings */,
				80C0425C1A5762460054425B /* Habitize-Bridging-Header.h */,
			);
			path = Habitize;
			sourceTree = "<group>";
		};
		8010AE5E1A550692004FF986 /* Supporting Files */ = {
			isa = PBXGroup;
			children = (
				8010AE5F1A550692004FF986 /* Info.plist */,
			);
			name = "Supporting Files";
			sourceTree = "<group>";
		};
		8010AE731A550693004FF986 /* HabitizeTests */ = {
			isa = PBXGroup;
			children = (
				8010AE761A550693004FF986 /* HabitizeTests.swift */,
				8010AE741A550693004FF986 /* Supporting Files */,
			);
			path = HabitizeTests;
			sourceTree = "<group>";
		};
		8010AE741A550693004FF986 /* Supporting Files */ = {
			isa = PBXGroup;
			children = (
				8010AE751A550693004FF986 /* Info.plist */,
			);
			name = "Supporting Files";
			sourceTree = "<group>";
		};
		80C0425F1A57CEB10054425B /* Models */ = {
			isa = PBXGroup;
			children = (
				80C042601A57CEE80054425B /* Model.xcdatamodeld */,
				80C0426B1A5849B30054425B /* Habit.swift */,
			);
			name = Models;
			sourceTree = "<group>";
		};
		C4B0D414923EE0EBF9E58D84 /* Frameworks */ = {
			isa = PBXGroup;
			children = (
				B4AF469CE1BB518E2615104E /* libPods.a */,
			);
			name = Frameworks;
			sourceTree = "<group>";
		};
/* End PBXGroup section */

/* Begin PBXNativeTarget section */
		8010AE5A1A550692004FF986 /* Habitize */ = {
			isa = PBXNativeTarget;
			buildConfigurationList = 8010AE7A1A550693004FF986 /* Build configuration list for PBXNativeTarget "Habitize" */;
			buildPhases = (
				FF634ED0028D6F9DB2A4624B /* Check Pods Manifest.lock */,
				8010AE571A550692004FF986 /* Sources */,
				8010AE581A550692004FF986 /* Frameworks */,
				8010AE591A550692004FF986 /* Resources */,
				4CD42319ABE285A13F9FDBD4 /* Copy Pods Resources */,
				80C042511A56D03B0054425B /* ShellScript */,
			);
			buildRules = (
			);
			dependencies = (
			);
			name = Habitize;
			productName = Habitize;
			productReference = 8010AE5B1A550692004FF986 /* Habitize.app */;
			productType = "com.apple.product-type.application";
		};
		8010AE6F1A550693004FF986 /* HabitizeTests */ = {
			isa = PBXNativeTarget;
			buildConfigurationList = 8010AE7D1A550693004FF986 /* Build configuration list for PBXNativeTarget "HabitizeTests" */;
			buildPhases = (
				8010AE6C1A550693004FF986 /* Sources */,
				8010AE6D1A550693004FF986 /* Frameworks */,
				8010AE6E1A550693004FF986 /* Resources */,
			);
			buildRules = (
			);
			dependencies = (
				8010AE721A550693004FF986 /* PBXTargetDependency */,
			);
			name = HabitizeTests;
			productName = HabitizeTests;
			productReference = 8010AE701A550693004FF986 /* HabitizeTests.xctest */;
			productType = "com.apple.product-type.bundle.unit-test";
		};
/* End PBXNativeTarget section */

/* Begin PBXProject section */
		8010AE531A550692004FF986 /* Project object */ = {
			isa = PBXProject;
			attributes = {
				LastUpgradeCheck = 0610;
				ORGANIZATIONNAME = codefirst;
				TargetAttributes = {
					8010AE5A1A550692004FF986 = {
						CreatedOnToolsVersion = 6.1.1;
						DevelopmentTeam = LG7S83GR74;
					};
					8010AE6F1A550693004FF986 = {
						CreatedOnToolsVersion = 6.1.1;
						TestTargetID = 8010AE5A1A550692004FF986;
					};
				};
			};
			buildConfigurationList = 8010AE561A550692004FF986 /* Build configuration list for PBXProject "Habitize" */;
			compatibilityVersion = "Xcode 3.2";
			developmentRegion = English;
			hasScannedForEncodings = 0;
			knownRegions = (
				en,
				Base,
				ja,
			);
			mainGroup = 8010AE521A550692004FF986;
			productRefGroup = 8010AE5C1A550692004FF986 /* Products */;
			projectDirPath = "";
			projectRoot = "";
			targets = (
				8010AE5A1A550692004FF986 /* Habitize */,
				8010AE6F1A550693004FF986 /* HabitizeTests */,
			);
		};
/* End PBXProject section */

/* Begin PBXResourcesBuildPhase section */
		8010AE591A550692004FF986 /* Resources */ = {
			isa = PBXResourcesBuildPhase;
			buildActionMask = 2147483647;
			files = (
				8010AE6B1A550693004FF986 /* LaunchScreen.xib in Resources */,
				80C042561A56DDFE0054425B /* Localizable.strings in Resources */,
				80C042501A56CE4D0054425B /* Settings.bundle in Resources */,
				8010AE681A550693004FF986 /* Images.xcassets in Resources */,
			);
			runOnlyForDeploymentPostprocessing = 0;
		};
		8010AE6E1A550693004FF986 /* Resources */ = {
			isa = PBXResourcesBuildPhase;
			buildActionMask = 2147483647;
			files = (
			);
			runOnlyForDeploymentPostprocessing = 0;
		};
/* End PBXResourcesBuildPhase section */

/* Begin PBXShellScriptBuildPhase section */
		4CD42319ABE285A13F9FDBD4 /* Copy Pods Resources */ = {
			isa = PBXShellScriptBuildPhase;
			buildActionMask = 2147483647;
			files = (
			);
			inputPaths = (
			);
			name = "Copy Pods Resources";
			outputPaths = (
			);
			runOnlyForDeploymentPostprocessing = 0;
			shellPath = /bin/sh;
			shellScript = "\"${SRCROOT}/Pods/Target Support Files/Pods/Pods-resources.sh\"\n";
			showEnvVarsInLog = 0;
		};
		80C042511A56D03B0054425B /* ShellScript */ = {
			isa = PBXShellScriptBuildPhase;
			buildActionMask = 2147483647;
			files = (
			);
			inputPaths = (
			);
			outputPaths = (
			);
			runOnlyForDeploymentPostprocessing = 0;
			shellPath = /bin/sh;
			shellScript = "VERSION_NUMBER=$(/usr/libexec/PlistBuddy -c \"Print CFBundleShortVersionString\" \"$INFOPLIST_FILE\")\n\n/usr/libexec/PlistBuddy ${TARGET_BUILD_DIR}/${FULL_PRODUCT_NAME}/Settings.bundle/Root.plist -c \"set PreferenceSpecifiers:0:DefaultValue $VERSION_NUMBER\"\n\nBUILD_NUMBER=$(/usr/libexec/PlistBuddy -c \"Print CFBundleVersion\" \"$INFOPLIST_FILE\")\n/usr/libexec/PlistBuddy ${TARGET_BUILD_DIR}/${FULL_PRODUCT_NAME}/Settings.bundle/Root.plist -c \"Set :PreferenceSpecifiers:1:DefaultValue $BUILD_NUMBER\"";
		};
		FF634ED0028D6F9DB2A4624B /* Check Pods Manifest.lock */ = {
			isa = PBXShellScriptBuildPhase;
			buildActionMask = 2147483647;
			files = (
			);
			inputPaths = (
			);
			name = "Check Pods Manifest.lock";
			outputPaths = (
			);
			runOnlyForDeploymentPostprocessing = 0;
			shellPath = /bin/sh;
			shellScript = "diff \"${PODS_ROOT}/../Podfile.lock\" \"${PODS_ROOT}/Manifest.lock\" > /dev/null\nif [[ $? != 0 ]] ; then\n    cat << EOM\nerror: The sandbox is not in sync with the Podfile.lock. Run 'pod install' or update your CocoaPods installation.\nEOM\n    exit 1\nfi\n";
			showEnvVarsInLog = 0;
		};
/* End PBXShellScriptBuildPhase section */

/* Begin PBXSourcesBuildPhase section */
		8010AE571A550692004FF986 /* Sources */ = {
			isa = PBXSourcesBuildPhase;
			buildActionMask = 2147483647;
			files = (
				80C0426C1A5849B30054425B /* Habit.swift in Sources */,
				80C0424E1A559A290054425B /* EditHabitViewController.swift in Sources */,
				80C0426E1A584C8D0054425B /* HabitsViewModel.swift in Sources */,
				80C042681A57D2940054425B /* EditHabitViewModel.swift in Sources */,
				8010AE611A550692004FF986 /* AppDelegate.swift in Sources */,
				80B528961A5507C600172517 /* MainViewController.swift in Sources */,
				805B142B1A5AE3BA003967FD /* EditTextFieldViewController.swift in Sources */,
				80C042621A57CEE80054425B /* Model.xcdatamodeld in Sources */,
			);
			runOnlyForDeploymentPostprocessing = 0;
		};
		8010AE6C1A550693004FF986 /* Sources */ = {
			isa = PBXSourcesBuildPhase;
			buildActionMask = 2147483647;
			files = (
				8010AE771A550693004FF986 /* HabitizeTests.swift in Sources */,
			);
			runOnlyForDeploymentPostprocessing = 0;
		};
/* End PBXSourcesBuildPhase section */

/* Begin PBXTargetDependency section */
		8010AE721A550693004FF986 /* PBXTargetDependency */ = {
			isa = PBXTargetDependency;
			target = 8010AE5A1A550692004FF986 /* Habitize */;
			targetProxy = 8010AE711A550693004FF986 /* PBXContainerItemProxy */;
		};
/* End PBXTargetDependency section */

/* Begin PBXVariantGroup section */
		8010AE691A550693004FF986 /* LaunchScreen.xib */ = {
			isa = PBXVariantGroup;
			children = (
				8010AE6A1A550693004FF986 /* Base */,
			);
			name = LaunchScreen.xib;
			sourceTree = "<group>";
		};
		80C042581A56DDFE0054425B /* Localizable.strings */ = {
			isa = PBXVariantGroup;
			children = (
				80C042571A56DDFE0054425B /* en */,
				80C0425B1A56DE3B0054425B /* ja */,
			);
			name = Localizable.strings;
			sourceTree = "<group>";
		};
/* End PBXVariantGroup section */

/* Begin XCBuildConfiguration section */
		8010AE781A550693004FF986 /* Debug */ = {
			isa = XCBuildConfiguration;
			buildSettings = {
				ALWAYS_SEARCH_USER_PATHS = NO;
				CLANG_CXX_LANGUAGE_STANDARD = "gnu++0x";
				CLANG_CXX_LIBRARY = "libc++";
				CLANG_ENABLE_MODULES = YES;
				CLANG_ENABLE_OBJC_ARC = YES;
				CLANG_WARN_BOOL_CONVERSION = YES;
				CLANG_WARN_CONSTANT_CONVERSION = YES;
				CLANG_WARN_DIRECT_OBJC_ISA_USAGE = YES_ERROR;
				CLANG_WARN_EMPTY_BODY = YES;
				CLANG_WARN_ENUM_CONVERSION = YES;
				CLANG_WARN_INT_CONVERSION = YES;
				CLANG_WARN_OBJC_ROOT_CLASS = YES_ERROR;
				CLANG_WARN_UNREACHABLE_CODE = YES;
				CLANG_WARN__DUPLICATE_METHOD_MATCH = YES;
				"CODE_SIGN_IDENTITY[sdk=iphoneos*]" = "iPhone Developer";
				COPY_PHASE_STRIP = NO;
				ENABLE_STRICT_OBJC_MSGSEND = YES;
				GCC_C_LANGUAGE_STANDARD = gnu99;
				GCC_DYNAMIC_NO_PIC = NO;
				GCC_OPTIMIZATION_LEVEL = 0;
				GCC_PREPROCESSOR_DEFINITIONS = (
					"DEBUG=1",
					"$(inherited)",
				);
				GCC_SYMBOLS_PRIVATE_EXTERN = NO;
				GCC_WARN_64_TO_32_BIT_CONVERSION = YES;
				GCC_WARN_ABOUT_RETURN_TYPE = YES_ERROR;
				GCC_WARN_UNDECLARED_SELECTOR = YES;
				GCC_WARN_UNINITIALIZED_AUTOS = YES_AGGRESSIVE;
				GCC_WARN_UNUSED_FUNCTION = YES;
				GCC_WARN_UNUSED_VARIABLE = YES;
				IPHONEOS_DEPLOYMENT_TARGET = 8.1;
				MTL_ENABLE_DEBUG_INFO = YES;
				ONLY_ACTIVE_ARCH = YES;
				SDKROOT = iphoneos;
				SWIFT_OPTIMIZATION_LEVEL = "-Onone";
			};
			name = Debug;
		};
		8010AE791A550693004FF986 /* Release */ = {
			isa = XCBuildConfiguration;
			buildSettings = {
				ALWAYS_SEARCH_USER_PATHS = NO;
				CLANG_CXX_LANGUAGE_STANDARD = "gnu++0x";
				CLANG_CXX_LIBRARY = "libc++";
				CLANG_ENABLE_MODULES = YES;
				CLANG_ENABLE_OBJC_ARC = YES;
				CLANG_WARN_BOOL_CONVERSION = YES;
				CLANG_WARN_CONSTANT_CONVERSION = YES;
				CLANG_WARN_DIRECT_OBJC_ISA_USAGE = YES_ERROR;
				CLANG_WARN_EMPTY_BODY = YES;
				CLANG_WARN_ENUM_CONVERSION = YES;
				CLANG_WARN_INT_CONVERSION = YES;
				CLANG_WARN_OBJC_ROOT_CLASS = YES_ERROR;
				CLANG_WARN_UNREACHABLE_CODE = YES;
				CLANG_WARN__DUPLICATE_METHOD_MATCH = YES;
				"CODE_SIGN_IDENTITY[sdk=iphoneos*]" = "iPhone Developer";
				COPY_PHASE_STRIP = YES;
				ENABLE_NS_ASSERTIONS = NO;
				ENABLE_STRICT_OBJC_MSGSEND = YES;
				GCC_C_LANGUAGE_STANDARD = gnu99;
				GCC_WARN_64_TO_32_BIT_CONVERSION = YES;
				GCC_WARN_ABOUT_RETURN_TYPE = YES_ERROR;
				GCC_WARN_UNDECLARED_SELECTOR = YES;
				GCC_WARN_UNINITIALIZED_AUTOS = YES_AGGRESSIVE;
				GCC_WARN_UNUSED_FUNCTION = YES;
				GCC_WARN_UNUSED_VARIABLE = YES;
				IPHONEOS_DEPLOYMENT_TARGET = 8.1;
				MTL_ENABLE_DEBUG_INFO = NO;
				SDKROOT = iphoneos;
				VALIDATE_PRODUCT = YES;
			};
			name = Release;
		};
		8010AE7B1A550693004FF986 /* Debug */ = {
			isa = XCBuildConfiguration;
			baseConfigurationReference = 690125D0174C88E34644DE32 /* Pods.debug.xcconfig */;
			buildSettings = {
				ASSETCATALOG_COMPILER_APPICON_NAME = AppIcon;
				CLANG_ENABLE_MODULES = YES;
				CODE_SIGN_IDENTITY = "iPhone Developer";
				INFOPLIST_FILE = Habitize/Info.plist;
				LD_RUNPATH_SEARCH_PATHS = "$(inherited) @executable_path/Frameworks";
				PRODUCT_NAME = "$(TARGET_NAME)";
				SWIFT_OBJC_BRIDGING_HEADER = "Habitize/Habitize-Bridging-Header.h";
				SWIFT_OPTIMIZATION_LEVEL = "-Onone";
			};
			name = Debug;
		};
		8010AE7C1A550693004FF986 /* Release */ = {
			isa = XCBuildConfiguration;
			baseConfigurationReference = 9191E597239B635894E9F127 /* Pods.release.xcconfig */;
			buildSettings = {
				ASSETCATALOG_COMPILER_APPICON_NAME = AppIcon;
				CLANG_ENABLE_MODULES = YES;
				CODE_SIGN_IDENTITY = "iPhone Developer";
				INFOPLIST_FILE = Habitize/Info.plist;
				LD_RUNPATH_SEARCH_PATHS = "$(inherited) @executable_path/Frameworks";
				PRODUCT_NAME = "$(TARGET_NAME)";
				SWIFT_OBJC_BRIDGING_HEADER = "Habitize/Habitize-Bridging-Header.h";
			};
			name = Release;
		};
		8010AE7E1A550693004FF986 /* Debug */ = {
			isa = XCBuildConfiguration;
			buildSettings = {
				BUNDLE_LOADER = "$(TEST_HOST)";
				FRAMEWORK_SEARCH_PATHS = (
					"$(SDKROOT)/Developer/Library/Frameworks",
					"$(inherited)",
				);
				GCC_PREPROCESSOR_DEFINITIONS = (
					"DEBUG=1",
					"$(inherited)",
				);
				INFOPLIST_FILE = HabitizeTests/Info.plist;
				LD_RUNPATH_SEARCH_PATHS = "$(inherited) @executable_path/Frameworks @loader_path/Frameworks";
				PRODUCT_NAME = "$(TARGET_NAME)";
				TEST_HOST = "$(BUILT_PRODUCTS_DIR)/Habitize.app/Habitize";
			};
			name = Debug;
		};
		8010AE7F1A550693004FF986 /* Release */ = {
			isa = XCBuildConfiguration;
			buildSettings = {
				BUNDLE_LOADER = "$(TEST_HOST)";
				FRAMEWORK_SEARCH_PATHS = (
					"$(SDKROOT)/Developer/Library/Frameworks",
					"$(inherited)",
				);
				INFOPLIST_FILE = HabitizeTests/Info.plist;
				LD_RUNPATH_SEARCH_PATHS = "$(inherited) @executable_path/Frameworks @loader_path/Frameworks";
				PRODUCT_NAME = "$(TARGET_NAME)";
				TEST_HOST = "$(BUILT_PRODUCTS_DIR)/Habitize.app/Habitize";
			};
			name = Release;
		};
/* End XCBuildConfiguration section */

/* Begin XCConfigurationList section */
		8010AE561A550692004FF986 /* Build configuration list for PBXProject "Habitize" */ = {
			isa = XCConfigurationList;
			buildConfigurations = (
				8010AE781A550693004FF986 /* Debug */,
				8010AE791A550693004FF986 /* Release */,
			);
			defaultConfigurationIsVisible = 0;
			defaultConfigurationName = Release;
		};
		8010AE7A1A550693004FF986 /* Build configuration list for PBXNativeTarget "Habitize" */ = {
			isa = XCConfigurationList;
			buildConfigurations = (
				8010AE7B1A550693004FF986 /* Debug */,
				8010AE7C1A550693004FF986 /* Release */,
			);
			defaultConfigurationIsVisible = 0;
			defaultConfigurationName = Release;
		};
		8010AE7D1A550693004FF986 /* Build configuration list for PBXNativeTarget "HabitizeTests" */ = {
			isa = XCConfigurationList;
			buildConfigurations = (
				8010AE7E1A550693004FF986 /* Debug */,
				8010AE7F1A550693004FF986 /* Release */,
			);
			defaultConfigurationIsVisible = 0;
			defaultConfigurationName = Release;
		};
/* End XCConfigurationList section */

/* Begin XCVersionGroup section */
		80C042601A57CEE80054425B /* Model.xcdatamodeld */ = {
			isa = XCVersionGroup;
			children = (
				80C042611A57CEE80054425B /* Model.xcdatamodel */,
			);
			currentVersion = 80C042611A57CEE80054425B /* Model.xcdatamodel */;
			name = Model.xcdatamodeld;
			path = Models/Model.xcdatamodeld;
			sourceTree = "<group>";
			versionGroupType = wrapper.xcdatamodel;
		};
/* End XCVersionGroup section */
	};
	rootObject = 8010AE531A550692004FF986 /* Project object */;
}
