// !$*UTF8*$!
{
	archiveVersion = 1;
	classes = {
	};
	objectVersion = 46;
	objects = {

/* Begin PBXBuildFile section */
		8010AE611A550692004FF986 /* AppDelegate.swift in Sources */ = {isa = PBXBuildFile; fileRef = 8010AE601A550692004FF986 /* AppDelegate.swift */; };
		8010AE631A550692004FF986 /* ViewController.swift in Sources */ = {isa = PBXBuildFile; fileRef = 8010AE621A550692004FF986 /* ViewController.swift */; };
		8010AE661A550692004FF986 /* Main.storyboard in Resources */ = {isa = PBXBuildFile; fileRef = 8010AE641A550692004FF986 /* Main.storyboard */; };
		8010AE681A550693004FF986 /* Images.xcassets in Resources */ = {isa = PBXBuildFile; fileRef = 8010AE671A550693004FF986 /* Images.xcassets */; };
		8010AE6B1A550693004FF986 /* LaunchScreen.xib in Resources */ = {isa = PBXBuildFile; fileRef = 8010AE691A550693004FF986 /* LaunchScreen.xib */; };
		8010AE771A550693004FF986 /* HabitizeTests.swift in Sources */ = {isa = PBXBuildFile; fileRef = 8010AE761A550693004FF986 /* HabitizeTests.swift */; };
/* End PBXBuildFile section */

/* Begin PBXContainerItemProxy section */
		8010AE711A550693004FF986 /* PBXContainerItemProxy */ = {
			isa = PBXContainerItemProxy;
			containerPortal = 8010AE531A550692004FF986 /* Project object */;
			proxyType = 1;
			remoteGlobalIDString = 8010AE5A1A550692004FF986;
			remoteInfo = Habitize;
		};
/* End PBXContainerItemProxy section */

/* Begin PBXFileReference section */
		8010AE5B1A550692004FF986 /* Habitize.app */ = {isa = PBXFileReference; explicitFileType = wrapper.application; includeInIndex = 0; path = Habitize.app; sourceTree = BUILT_PRODUCTS_DIR; };
		8010AE5F1A550692004FF986 /* Info.plist */ = {isa = PBXFileReference; lastKnownFileType = text.plist.xml; path = Info.plist; sourceTree = "<group>"; };
		8010AE601A550692004FF986 /* AppDelegate.swift */ = {isa = PBXFileReference; lastKnownFileType = sourcecode.swift; path = AppDelegate.swift; sourceTree = "<group>"; };
		8010AE621A550692004FF986 /* ViewController.swift */ = {isa = PBXFileReference; lastKnownFileType = sourcecode.swift; path = ViewController.swift; sourceTree = "<group>"; };
		8010AE651A550692004FF986 /* Base */ = {isa = PBXFileReference; lastKnownFileType = file.storyboard; name = Base; path = Base.lproj/Main.storyboard; sourceTree = "<group>"; };
		8010AE671A550693004FF986 /* Images.xcassets */ = {isa = PBXFileReference; lastKnownFileType = folder.assetcatalog; path = Images.xcassets; sourceTree = "<group>"; };
		8010AE6A1A550693004FF986 /* Base */ = {isa = PBXFileReference; lastKnownFileType = file.xib; name = Base; path = Base.lproj/LaunchScreen.xib; sourceTree = "<group>"; };
		8010AE701A550693004FF986 /* HabitizeTests.xctest */ = {isa = PBXFileReference; explicitFileType = wrapper.cfbundle; includeInIndex = 0; path = HabitizeTests.xctest; sourceTree = BUILT_PRODUCTS_DIR; };
		8010AE751A550693004FF986 /* Info.plist */ = {isa = PBXFileReference; lastKnownFileType = text.plist.xml; path = Info.plist; sourceTree = "<group>"; };
		8010AE761A550693004FF986 /* HabitizeTests.swift */ = {isa = PBXFileReference; lastKnownFileType = sourcecode.swift; path = HabitizeTests.swift; sourceTree = "<group>"; };
/* End PBXFileReference section */

/* Begin PBXFrameworksBuildPhase section */
		8010AE581A550692004FF986 /* Frameworks */ = {
			isa = PBXFrameworksBuildPhase;
			buildActionMask = 2147483647;
			files = (
			);
			runOnlyForDeploymentPostprocessing = 0;
		};
		8010AE6D1A550693004FF986 /* Frameworks */ = {
			isa = PBXFrameworksBuildPhase;
			buildActionMask = 2147483647;
			files = (
			);
			runOnlyForDeploymentPostprocessing = 0;
		};
/* End PBXFrameworksBuildPhase section */

/* Begin PBXGroup section */
		8010AE521A550692004FF986 = {
			isa = PBXGroup;
			children = (
				8010AE5D1A550692004FF986 /* Habitize */,
				8010AE731A550693004FF986 /* HabitizeTests */,
				8010AE5C1A550692004FF986 /* Products */,
			);
			sourceTree = "<group>";
		};
		8010AE5C1A550692004FF986 /* Products */ = {
			isa = PBXGroup;
			children = (
				8010AE5B1A550692004FF986 /* Habitize.app */,
				8010AE701A550693004FF986 /* HabitizeTests.xctest */,
			);
			name = Products;
			sourceTree = "<group>";
		};
		8010AE5D1A550692004FF986 /* Habitize */ = {
			isa = PBXGroup;
			children = (
				8010AE601A550692004FF986 /* AppDelegate.swift */,
				8010AE621A550692004FF986 /* ViewController.swift */,
				8010AE641A550692004FF986 /* Main.storyboard */,
				8010AE671A550693004FF986 /* Images.xcassets */,
				8010AE691A550693004FF986 /* LaunchScreen.xib */,
				8010AE5E1A550692004FF986 /* Supporting Files */,
			);
			path = Habitize;
			sourceTree = "<group>";
		};
		8010AE5E1A550692004FF986 /* Supporting Files */ = {
			isa = PBXGroup;
			children = (
				8010AE5F1A550692004FF986 /* Info.plist */,
			);
			name = "Supporting Files";
			sourceTree = "<group>";
		};
		8010AE731A550693004FF986 /* HabitizeTests */ = {
			isa = PBXGroup;
			children = (
				8010AE761A550693004FF986 /* HabitizeTests.swift */,
				8010AE741A550693004FF986 /* Supporting Files */,
			);
			path = HabitizeTests;
			sourceTree = "<group>";
		};
		8010AE741A550693004FF986 /* Supporting Files */ = {
			isa = PBXGroup;
			children = (
				8010AE751A550693004FF986 /* Info.plist */,
			);
			name = "Supporting Files";
			sourceTree = "<group>";
		};
/* End PBXGroup section */

/* Begin PBXNativeTarget section */
		8010AE5A1A550692004FF986 /* Habitize */ = {
			isa = PBXNativeTarget;
			buildConfigurationList = 8010AE7A1A550693004FF986 /* Build configuration list for PBXNativeTarget "Habitize" */;
			buildPhases = (
				8010AE571A550692004FF986 /* Sources */,
				8010AE581A550692004FF986 /* Frameworks */,
				8010AE591A550692004FF986 /* Resources */,
			);
			buildRules = (
			);
			dependencies = (
			);
			name = Habitize;
			productName = Habitize;
			productReference = 8010AE5B1A550692004FF986 /* Habitize.app */;
			productType = "com.apple.product-type.application";
		};
		8010AE6F1A550693004FF986 /* HabitizeTests */ = {
			isa = PBXNativeTarget;
			buildConfigurationList = 8010AE7D1A550693004FF986 /* Build configuration list for PBXNativeTarget "HabitizeTests" */;
			buildPhases = (
				8010AE6C1A550693004FF986 /* Sources */,
				8010AE6D1A550693004FF986 /* Frameworks */,
				8010AE6E1A550693004FF986 /* Resources */,
			);
			buildRules = (
			);
			dependencies = (
				8010AE721A550693004FF986 /* PBXTargetDependency */,
			);
			name = HabitizeTests;
			productName = HabitizeTests;
			productReference = 8010AE701A550693004FF986 /* HabitizeTests.xctest */;
			productType = "com.apple.product-type.bundle.unit-test";
		};
/* End PBXNativeTarget section */

/* Begin PBXProject section */
		8010AE531A550692004FF986 /* Project object */ = {
			isa = PBXProject;
			attributes = {
				LastUpgradeCheck = 0610;
				ORGANIZATIONNAME = codefirst;
				TargetAttributes = {
					8010AE5A1A550692004FF986 = {
						CreatedOnToolsVersion = 6.1.1;
					};
					8010AE6F1A550693004FF986 = {
						CreatedOnToolsVersion = 6.1.1;
						TestTargetID = 8010AE5A1A550692004FF986;
					};
				};
			};
			buildConfigurationList = 8010AE561A550692004FF986 /* Build configuration list for PBXProject "Habitize" */;
			compatibilityVersion = "Xcode 3.2";
			developmentRegion = English;
			hasScannedForEncodings = 0;
			knownRegions = (
				en,
				Base,
			);
			mainGroup = 8010AE521A550692004FF986;
			productRefGroup = 8010AE5C1A550692004FF986 /* Products */;
			projectDirPath = "";
			projectRoot = "";
			targets = (
				8010AE5A1A550692004FF986 /* Habitize */,
				8010AE6F1A550693004FF986 /* HabitizeTests */,
			);
		};
/* End PBXProject section */

/* Begin PBXResourcesBuildPhase section */
		8010AE591A550692004FF986 /* Resources */ = {
			isa = PBXResourcesBuildPhase;
			buildActionMask = 2147483647;
			files = (
				8010AE661A550692004FF986 /* Main.storyboard in Resources */,
				8010AE6B1A550693004FF986 /* LaunchScreen.xib in Resources */,
				8010AE681A550693004FF986 /* Images.xcassets in Resources */,
			);
			runOnlyForDeploymentPostprocessing = 0;
		};
		8010AE6E1A550693004FF986 /* Resources */ = {
			isa = PBXResourcesBuildPhase;
			buildActionMask = 2147483647;
			files = (
			);
			runOnlyForDeploymentPostprocessing = 0;
		};
/* End PBXResourcesBuildPhase section */

/* Begin PBXSourcesBuildPhase section */
		8010AE571A550692004FF986 /* Sources */ = {
			isa = PBXSourcesBuildPhase;
			buildActionMask = 2147483647;
			files = (
				8010AE631A550692004FF986 /* ViewController.swift in Sources */,
				8010AE611A550692004FF986 /* AppDelegate.swift in Sources */,
			);
			runOnlyForDeploymentPostprocessing = 0;
		};
		8010AE6C1A550693004FF986 /* Sources */ = {
			isa = PBXSourcesBuildPhase;
			buildActionMask = 2147483647;
			files = (
				8010AE771A550693004FF986 /* HabitizeTests.swift in Sources */,
			);
			runOnlyForDeploymentPostprocessing = 0;
		};
/* End PBXSourcesBuildPhase section */

/* Begin PBXTargetDependency section */
		8010AE721A550693004FF986 /* PBXTargetDependency */ = {
			isa = PBXTargetDependency;
			target = 8010AE5A1A550692004FF986 /* Habitize */;
			targetProxy = 8010AE711A550693004FF986 /* PBXContainerItemProxy */;
		};
/* End PBXTargetDependency section */

/* Begin PBXVariantGroup section */
		8010AE641A550692004FF986 /* Main.storyboard */ = {
			isa = PBXVariantGroup;
			children = (
				8010AE651A550692004FF986 /* Base */,
			);
			name = Main.storyboard;
			sourceTree = "<group>";
		};
		8010AE691A550693004FF986 /* LaunchScreen.xib */ = {
			isa = PBXVariantGroup;
			children = (
				8010AE6A1A550693004FF986 /* Base */,
			);
			name = LaunchScreen.xib;
			sourceTree = "<group>";
		};
/* End PBXVariantGroup section */

/* Begin XCBuildConfiguration section */
		8010AE781A550693004FF986 /* Debug */ = {
			isa = XCBuildConfiguration;
			buildSettings = {
				ALWAYS_SEARCH_USER_PATHS = NO;
				CLANG_CXX_LANGUAGE_STANDARD = "gnu++0x";
				CLANG_CXX_LIBRARY = "libc++";
				CLANG_ENABLE_MODULES = YES;
				CLANG_ENABLE_OBJC_ARC = YES;
				CLANG_WARN_BOOL_CONVERSION = YES;
				CLANG_WARN_CONSTANT_CONVERSION = YES;
				CLANG_WARN_DIRECT_OBJC_ISA_USAGE = YES_ERROR;
				CLANG_WARN_EMPTY_BODY = YES;
				CLANG_WARN_ENUM_CONVERSION = YES;
				CLANG_WARN_INT_CONVERSION = YES;
				CLANG_WARN_OBJC_ROOT_CLASS = YES_ERROR;
				CLANG_WARN_UNREACHABLE_CODE = YES;
				CLANG_WARN__DUPLICATE_METHOD_MATCH = YES;
				"CODE_SIGN_IDENTITY[sdk=iphoneos*]" = "iPhone Developer";
				COPY_PHASE_STRIP = NO;
				ENABLE_STRICT_OBJC_MSGSEND = YES;
				GCC_C_LANGUAGE_STANDARD = gnu99;
				GCC_DYNAMIC_NO_PIC = NO;
				GCC_OPTIMIZATION_LEVEL = 0;
				GCC_PREPROCESSOR_DEFINITIONS = (
					"DEBUG=1",
					"$(inherited)",
				);
				GCC_SYMBOLS_PRIVATE_EXTERN = NO;
				GCC_WARN_64_TO_32_BIT_CONVERSION = YES;
				GCC_WARN_ABOUT_RETURN_TYPE = YES_ERROR;
				GCC_WARN_UNDECLARED_SELECTOR = YES;
				GCC_WARN_UNINITIALIZED_AUTOS = YES_AGGRESSIVE;
				GCC_WARN_UNUSED_FUNCTION = YES;
				GCC_WARN_UNUSED_VARIABLE = YES;
				IPHONEOS_DEPLOYMENT_TARGET = 8.1;
				MTL_ENABLE_DEBUG_INFO = YES;
				ONLY_ACTIVE_ARCH = YES;
				SDKROOT = iphoneos;
				SWIFT_OPTIMIZATION_LEVEL = "-Onone";
			};
			name = Debug;
		};
		8010AE791A550693004FF986 /* Release */ = {
			isa = XCBuildConfiguration;
			buildSettings = {
				ALWAYS_SEARCH_USER_PATHS = NO;
				CLANG_CXX_LANGUAGE_STANDARD = "gnu++0x";
				CLANG_CXX_LIBRARY = "libc++";
				CLANG_ENABLE_MODULES = YES;
				CLANG_ENABLE_OBJC_ARC = YES;
				CLANG_WARN_BOOL_CONVERSION = YES;
				CLANG_WARN_CONSTANT_CONVERSION = YES;
				CLANG_WARN_DIRECT_OBJC_ISA_USAGE = YES_ERROR;
				CLANG_WARN_EMPTY_BODY = YES;
				CLANG_WARN_ENUM_CONVERSION = YES;
				CLANG_WARN_INT_CONVERSION = YES;
				CLANG_WARN_OBJC_ROOT_CLASS = YES_ERROR;
				CLANG_WARN_UNREACHABLE_CODE = YES;
				CLANG_WARN__DUPLICATE_METHOD_MATCH = YES;
				"CODE_SIGN_IDENTITY[sdk=iphoneos*]" = "iPhone Developer";
				COPY_PHASE_STRIP = YES;
				ENABLE_NS_ASSERTIONS = NO;
				ENABLE_STRICT_OBJC_MSGSEND = YES;
				GCC_C_LANGUAGE_STANDARD = gnu99;
				GCC_WARN_64_TO_32_BIT_CONVERSION = YES;
				GCC_WARN_ABOUT_RETURN_TYPE = YES_ERROR;
				GCC_WARN_UNDECLARED_SELECTOR = YES;
				GCC_WARN_UNINITIALIZED_AUTOS = YES_AGGRESSIVE;
				GCC_WARN_UNUSED_FUNCTION = YES;
				GCC_WARN_UNUSED_VARIABLE = YES;
				IPHONEOS_DEPLOYMENT_TARGET = 8.1;
				MTL_ENABLE_DEBUG_INFO = NO;
				SDKROOT = iphoneos;
				VALIDATE_PRODUCT = YES;
			};
			name = Release;
		};
		8010AE7B1A550693004FF986 /* Debug */ = {
			isa = XCBuildConfiguration;
			buildSettings = {
				ASSETCATALOG_COMPILER_APPICON_NAME = AppIcon;
				INFOPLIST_FILE = Habitize/Info.plist;
				LD_RUNPATH_SEARCH_PATHS = "$(inherited) @executable_path/Frameworks";
				PRODUCT_NAME = "$(TARGET_NAME)";
			};
			name = Debug;
		};
		8010AE7C1A550693004FF986 /* Release */ = {
			isa = XCBuildConfiguration;
			buildSettings = {
				ASSETCATALOG_COMPILER_APPICON_NAME = AppIcon;
				INFOPLIST_FILE = Habitize/Info.plist;
				LD_RUNPATH_SEARCH_PATHS = "$(inherited) @executable_path/Frameworks";
				PRODUCT_NAME = "$(TARGET_NAME)";
			};
			name = Release;
		};
		8010AE7E1A550693004FF986 /* Debug */ = {
			isa = XCBuildConfiguration;
			buildSettings = {
				BUNDLE_LOADER = "$(TEST_HOST)";
				FRAMEWORK_SEARCH_PATHS = (
					"$(SDKROOT)/Developer/Library/Frameworks",
					"$(inherited)",
				);
				GCC_PREPROCESSOR_DEFINITIONS = (
					"DEBUG=1",
					"$(inherited)",
				);
				INFOPLIST_FILE = HabitizeTests/Info.plist;
				LD_RUNPATH_SEARCH_PATHS = "$(inherited) @executable_path/Frameworks @loader_path/Frameworks";
				PRODUCT_NAME = "$(TARGET_NAME)";
				TEST_HOST = "$(BUILT_PRODUCTS_DIR)/Habitize.app/Habitize";
			};
			name = Debug;
		};
		8010AE7F1A550693004FF986 /* Release */ = {
			isa = XCBuildConfiguration;
			buildSettings = {
				BUNDLE_LOADER = "$(TEST_HOST)";
				FRAMEWORK_SEARCH_PATHS = (
					"$(SDKROOT)/Developer/Library/Frameworks",
					"$(inherited)",
				);
				INFOPLIST_FILE = HabitizeTests/Info.plist;
				LD_RUNPATH_SEARCH_PATHS = "$(inherited) @executable_path/Frameworks @loader_path/Frameworks";
				PRODUCT_NAME = "$(TARGET_NAME)";
				TEST_HOST = "$(BUILT_PRODUCTS_DIR)/Habitize.app/Habitize";
			};
			name = Release;
		};
/* End XCBuildConfiguration section */

/* Begin XCConfigurationList section */
		8010AE561A550692004FF986 /* Build configuration list for PBXProject "Habitize" */ = {
			isa = XCConfigurationList;
			buildConfigurations = (
				8010AE781A550693004FF986 /* Debug */,
				8010AE791A550693004FF986 /* Release */,
			);
			defaultConfigurationIsVisible = 0;
			defaultConfigurationName = Release;
		};
		8010AE7A1A550693004FF986 /* Build configuration list for PBXNativeTarget "Habitize" */ = {
			isa = XCConfigurationList;
			buildConfigurations = (
				8010AE7B1A550693004FF986 /* Debug */,
				8010AE7C1A550693004FF986 /* Release */,
			);
			defaultConfigurationIsVisible = 0;
		};
		8010AE7D1A550693004FF986 /* Build configuration list for PBXNativeTarget "HabitizeTests" */ = {
			isa = XCConfigurationList;
			buildConfigurations = (
				8010AE7E1A550693004FF986 /* Debug */,
				8010AE7F1A550693004FF986 /* Release */,
			);
			defaultConfigurationIsVisible = 0;
		};
/* End XCConfigurationList section */
	};
	rootObject = 8010AE531A550692004FF986 /* Project object */;
}
